
Microsoft Visual Studio Solution File, Format Version 12.00
# Visual Studio Version 16
VisualStudioVersion = 16.0.29806.167
MinimumVisualStudioVersion = 10.0.40219.1
Project("{9A19103F-16F7-4668-BE54-9A1E7A4F7556}") = "SimpleYamlEditor.Core", "SimpleYamlEditor.Core\SimpleYamlEditor.Core.csproj", "{E3CF04D9-21CB-4AA7-9CCC-921E8BF92763}"
EndProject
Project("{9A19103F-16F7-4668-BE54-9A1E7A4F7556}") = "SimpleYamlEditor.Structurizer.Cli", "SimpleYamlEditor.Structurizer.Cli\SimpleYamlEditor.Structurizer.Cli.csproj", "{DF7A2687-61FE-4185-8BDC-E873183F0BDE}"
EndProject
Project("{FAE04EC0-301F-11D3-BF4B-00C04F79EFBC}") = "SimpleYamlEditor", "SimpleYamlEditor\SimpleYamlEditor.csproj", "{116D0CFB-4E19-43F9-AD4F-D79763C7217E}"
EndProject
Global
	GlobalSection(SolutionConfigurationPlatforms) = preSolution
		Debug|Any CPU = Debug|Any CPU
		Release|Any CPU = Release|Any CPU
	EndGlobalSection
	GlobalSection(ProjectConfigurationPlatforms) = postSolution
		{E3CF04D9-21CB-4AA7-9CCC-921E8BF92763}.Debug|Any CPU.ActiveCfg = Debug|Any CPU
		{E3CF04D9-21CB-4AA7-9CCC-921E8BF92763}.Debug|Any CPU.Build.0 = Debug|Any CPU
		{E3CF04D9-21CB-4AA7-9CCC-921E8BF92763}.Release|Any CPU.ActiveCfg = Release|Any CPU
		{E3CF04D9-21CB-4AA7-9CCC-921E8BF92763}.Release|Any CPU.Build.0 = Release|Any CPU
		{DF7A2687-61FE-4185-8BDC-E873183F0BDE}.Debug|Any CPU.ActiveCfg = Debug|Any CPU
		{DF7A2687-61FE-4185-8BDC-E873183F0BDE}.Debug|Any CPU.Build.0 = Debug|Any CPU
		{DF7A2687-61FE-4185-8BDC-E873183F0BDE}.Release|Any CPU.ActiveCfg = Release|Any CPU
		{DF7A2687-61FE-4185-8BDC-E873183F0BDE}.Release|Any CPU.Build.0 = Release|Any CPU
		{116D0CFB-4E19-43F9-AD4F-D79763C7217E}.Debug|Any CPU.ActiveCfg = Debug|Any CPU
		{116D0CFB-4E19-43F9-AD4F-D79763C7217E}.Debug|Any CPU.Build.0 = Debug|Any CPU
		{116D0CFB-4E19-43F9-AD4F-D79763C7217E}.Release|Any CPU.ActiveCfg = Release|Any CPU
		{116D0CFB-4E19-43F9-AD4F-D79763C7217E}.Release|Any CPU.Build.0 = Release|Any CPU
	EndGlobalSection
	GlobalSection(SolutionProperties) = preSolution
		HideSolutionNode = FALSE
	EndGlobalSection
	GlobalSection(ExtensibilityGlobals) = postSolution
		SolutionGuid = {92CAD302-1BEC-4F2E-A288-9F68FF6979BF}
	EndGlobalSection
EndGlobal
